
Microsoft Visual Studio Solution File, Format Version 12.00
# Visual Studio Version 17
VisualStudioVersion = 17.12.35707.178
MinimumVisualStudioVersion = 10.0.40219.1
Project("{8BC9CEB8-8B4A-11D0-8D11-00A0C91BC942}") = "IntroductionToOOP", "IntroductionToOOP\IntroductionToOOP.vcxproj", "{3238E6A0-1AF6-42E9-AF80-79F5B2258B12}"
EndProject
Project("{8BC9CEB8-8B4A-11D0-8D11-00A0C91BC942}") = "Fraction", "Fraction\Fraction.vcxproj", "{69A8D22D-A873-4831-B34D-5ECBEEAC98AC}"
EndProject
Project("{8BC9CEB8-8B4A-11D0-8D11-00A0C91BC942}") = "String", "String\String.vcxproj", "{A4E01F83-71F3-4F17-9DBC-71D99E687F5F}"
EndProject
Project("{8BC9CEB8-8B4A-11D0-8D11-00A0C91BC942}") = "LIBcheck", "LIBcheck\LIBcheck.vcxproj", "{925AB235-A432-4386-9507-00DFC85BEFE6}"
EndProject
Global
	GlobalSection(SolutionConfigurationPlatforms) = preSolution
		Debug|x64 = Debug|x64
		Debug|x86 = Debug|x86
		Release|x64 = Release|x64
		Release|x86 = Release|x86
	EndGlobalSection
	GlobalSection(ProjectConfigurationPlatforms) = postSolution
		{3238E6A0-1AF6-42E9-AF80-79F5B2258B12}.Debug|x64.ActiveCfg = Debug|x64
		{3238E6A0-1AF6-42E9-AF80-79F5B2258B12}.Debug|x64.Build.0 = Debug|x64
		{3238E6A0-1AF6-42E9-AF80-79F5B2258B12}.Debug|x86.ActiveCfg = Debug|Win32
		{3238E6A0-1AF6-42E9-AF80-79F5B2258B12}.Debug|x86.Build.0 = Debug|Win32
		{3238E6A0-1AF6-42E9-AF80-79F5B2258B12}.Release|x64.ActiveCfg = Release|x64
		{3238E6A0-1AF6-42E9-AF80-79F5B2258B12}.Release|x64.Build.0 = Release|x64
		{3238E6A0-1AF6-42E9-AF80-79F5B2258B12}.Release|x86.ActiveCfg = Release|Win32
		{3238E6A0-1AF6-42E9-AF80-79F5B2258B12}.Release|x86.Build.0 = Release|Win32
		{69A8D22D-A873-4831-B34D-5ECBEEAC98AC}.Debug|x64.ActiveCfg = Debug|x64
		{69A8D22D-A873-4831-B34D-5ECBEEAC98AC}.Debug|x64.Build.0 = Debug|x64
		{69A8D22D-A873-4831-B34D-5ECBEEAC98AC}.Debug|x86.ActiveCfg = Debug|Win32
		{69A8D22D-A873-4831-B34D-5ECBEEAC98AC}.Debug|x86.Build.0 = Debug|Win32
		{69A8D22D-A873-4831-B34D-5ECBEEAC98AC}.Release|x64.ActiveCfg = Release|x64
		{69A8D22D-A873-4831-B34D-5ECBEEAC98AC}.Release|x64.Build.0 = Release|x64
		{69A8D22D-A873-4831-B34D-5ECBEEAC98AC}.Release|x86.ActiveCfg = Release|Win32
		{69A8D22D-A873-4831-B34D-5ECBEEAC98AC}.Release|x86.Build.0 = Release|Win32
		{A4E01F83-71F3-4F17-9DBC-71D99E687F5F}.Debug|x64.ActiveCfg = Debug|x64
		{A4E01F83-71F3-4F17-9DBC-71D99E687F5F}.Debug|x64.Build.0 = Debug|x64
		{A4E01F83-71F3-4F17-9DBC-71D99E687F5F}.Debug|x86.ActiveCfg = Debug|Win32
		{A4E01F83-71F3-4F17-9DBC-71D99E687F5F}.Debug|x86.Build.0 = Debug|Win32
		{A4E01F83-71F3-4F17-9DBC-71D99E687F5F}.Release|x64.ActiveCfg = Release|x64
		{A4E01F83-71F3-4F17-9DBC-71D99E687F5F}.Release|x64.Build.0 = Release|x64
		{A4E01F83-71F3-4F17-9DBC-71D99E687F5F}.Release|x86.ActiveCfg = Release|Win32
		{A4E01F83-71F3-4F17-9DBC-71D99E687F5F}.Release|x86.Build.0 = Release|Win32
		{925AB235-A432-4386-9507-00DFC85BEFE6}.Debug|x64.ActiveCfg = Debug|x64
		{925AB235-A432-4386-9507-00DFC85BEFE6}.Debug|x64.Build.0 = Debug|x64
		{925AB235-A432-4386-9507-00DFC85BEFE6}.Debug|x86.ActiveCfg = Debug|Win32
		{925AB235-A432-4386-9507-00DFC85BEFE6}.Debug|x86.Build.0 = Debug|Win32
		{925AB235-A432-4386-9507-00DFC85BEFE6}.Release|x64.ActiveCfg = Release|x64
		{925AB235-A432-4386-9507-00DFC85BEFE6}.Release|x64.Build.0 = Release|x64
		{925AB235-A432-4386-9507-00DFC85BEFE6}.Release|x86.ActiveCfg = Release|Win32
		{925AB235-A432-4386-9507-00DFC85BEFE6}.Release|x86.Build.0 = Release|Win32
	EndGlobalSection
	GlobalSection(SolutionProperties) = preSolution
		HideSolutionNode = FALSE
	EndGlobalSection
	GlobalSection(ExtensibilityGlobals) = postSolution
		SolutionGuid = {29297DA2-3BE2-4348-8BE3-64F5E3AFBFF0}
	EndGlobalSection
EndGlobal
